
Microsoft Visual Studio Solution File, Format Version 12.00
# Visual Studio 15
VisualStudioVersion = 15.0.28307.572
MinimumVisualStudioVersion = 10.0.40219.1
Project("{FAE04EC0-301F-11D3-BF4B-00C04F79EFBC}") = "HW1_Task1", "ConsoleApp1\HW1_Task1.csproj", "{95B688DF-9FBD-47EA-ADD4-80E25A425D4E}"
EndProject
Project("{FAE04EC0-301F-11D3-BF4B-00C04F79EFBC}") = "HW1_Task2", "HW1_Task2\HW1_Task2.csproj", "{DD5CBDFA-2ECF-4252-82C8-C70ECE4CD6EB}"
EndProject
Global
	GlobalSection(SolutionConfigurationPlatforms) = preSolution
		Debug|Any CPU = Debug|Any CPU
		Release|Any CPU = Release|Any CPU
	EndGlobalSection
	GlobalSection(ProjectConfigurationPlatforms) = postSolution
		{95B688DF-9FBD-47EA-ADD4-80E25A425D4E}.Debug|Any CPU.ActiveCfg = Debug|Any CPU
		{95B688DF-9FBD-47EA-ADD4-80E25A425D4E}.Debug|Any CPU.Build.0 = Debug|Any CPU
		{95B688DF-9FBD-47EA-ADD4-80E25A425D4E}.Release|Any CPU.ActiveCfg = Release|Any CPU
		{95B688DF-9FBD-47EA-ADD4-80E25A425D4E}.Release|Any CPU.Build.0 = Release|Any CPU
		{DD5CBDFA-2ECF-4252-82C8-C70ECE4CD6EB}.Debug|Any CPU.ActiveCfg = Debug|Any CPU
		{DD5CBDFA-2ECF-4252-82C8-C70ECE4CD6EB}.Debug|Any CPU.Build.0 = Debug|Any CPU
		{DD5CBDFA-2ECF-4252-82C8-C70ECE4CD6EB}.Release|Any CPU.ActiveCfg = Release|Any CPU
		{DD5CBDFA-2ECF-4252-82C8-C70ECE4CD6EB}.Release|Any CPU.Build.0 = Release|Any CPU
	EndGlobalSection
	GlobalSection(SolutionProperties) = preSolution
		HideSolutionNode = FALSE
	EndGlobalSection
	GlobalSection(ExtensibilityGlobals) = postSolution
		SolutionGuid = {6027C36A-BDEC-4BC6-B8D9-674BE836B87F}
	EndGlobalSection
EndGlobal
